// !$*UTF8*$!
{
	archiveVersion = 1;
	classes = {
	};
	objectVersion = 46;
	objects = {

/* Begin PBXBuildFile section */
		C80679C01CB9B7ED009BCB93 /* AppDelegate.swift in Sources */ = {isa = PBXBuildFile; fileRef = C80679BF1CB9B7ED009BCB93 /* AppDelegate.swift */; };
		C80679C51CB9B7ED009BCB93 /* Main.storyboard in Resources */ = {isa = PBXBuildFile; fileRef = C80679C31CB9B7ED009BCB93 /* Main.storyboard */; };
		C80679C71CB9B7ED009BCB93 /* Assets.xcassets in Resources */ = {isa = PBXBuildFile; fileRef = C80679C61CB9B7ED009BCB93 /* Assets.xcassets */; };
		C80679CA1CB9B7ED009BCB93 /* LaunchScreen.storyboard in Resources */ = {isa = PBXBuildFile; fileRef = C80679C81CB9B7ED009BCB93 /* LaunchScreen.storyboard */; };
		C80679D41CB9BF83009BCB93 /* TemperatureViewController.swift in Sources */ = {isa = PBXBuildFile; fileRef = C80679D31CB9BF83009BCB93 /* TemperatureViewController.swift */; };
		C80679D61CB9C03A009BCB93 /* Device.swift in Sources */ = {isa = PBXBuildFile; fileRef = C80679D51CB9C03A009BCB93 /* Device.swift */; };
/* End PBXBuildFile section */

/* Begin PBXFileReference section */
		C80679BC1CB9B7ED009BCB93 /* BLETemperatureReaderSwift.app */ = {isa = PBXFileReference; explicitFileType = wrapper.application; includeInIndex = 0; path = BLETemperatureReaderSwift.app; sourceTree = BUILT_PRODUCTS_DIR; };
		C80679BF1CB9B7ED009BCB93 /* AppDelegate.swift */ = {isa = PBXFileReference; lastKnownFileType = sourcecode.swift; path = AppDelegate.swift; sourceTree = "<group>"; };
		C80679C41CB9B7ED009BCB93 /* Base */ = {isa = PBXFileReference; lastKnownFileType = file.storyboard; name = Base; path = Base.lproj/Main.storyboard; sourceTree = "<group>"; };
		C80679C61CB9B7ED009BCB93 /* Assets.xcassets */ = {isa = PBXFileReference; lastKnownFileType = folder.assetcatalog; path = Assets.xcassets; sourceTree = "<group>"; };
		C80679C91CB9B7ED009BCB93 /* Base */ = {isa = PBXFileReference; lastKnownFileType = file.storyboard; name = Base; path = Base.lproj/LaunchScreen.storyboard; sourceTree = "<group>"; };
		C80679CB1CB9B7ED009BCB93 /* Info.plist */ = {isa = PBXFileReference; lastKnownFileType = text.plist.xml; path = Info.plist; sourceTree = "<group>"; };
		C80679D31CB9BF83009BCB93 /* TemperatureViewController.swift */ = {isa = PBXFileReference; fileEncoding = 4; lastKnownFileType = sourcecode.swift; path = TemperatureViewController.swift; sourceTree = "<group>"; };
		C80679D51CB9C03A009BCB93 /* Device.swift */ = {isa = PBXFileReference; fileEncoding = 4; lastKnownFileType = sourcecode.swift; path = Device.swift; sourceTree = "<group>"; };
/* End PBXFileReference section */

/* Begin PBXFrameworksBuildPhase section */
		C80679B91CB9B7ED009BCB93 /* Frameworks */ = {
			isa = PBXFrameworksBuildPhase;
			buildActionMask = 2147483647;
			files = (
			);
			runOnlyForDeploymentPostprocessing = 0;
		};
/* End PBXFrameworksBuildPhase section */

/* Begin PBXGroup section */
		C80679B31CB9B7ED009BCB93 = {
			isa = PBXGroup;
			children = (
				C80679BE1CB9B7ED009BCB93 /* BLETemperatureReaderSwift */,
				C80679BD1CB9B7ED009BCB93 /* Products */,
			);
			sourceTree = "<group>";
		};
		C80679BD1CB9B7ED009BCB93 /* Products */ = {
			isa = PBXGroup;
			children = (
				C80679BC1CB9B7ED009BCB93 /* BLETemperatureReaderSwift.app */,
			);
			name = Products;
			sourceTree = "<group>";
		};
		C80679BE1CB9B7ED009BCB93 /* BLETemperatureReaderSwift */ = {
			isa = PBXGroup;
			children = (
				C80679D51CB9C03A009BCB93 /* Device.swift */,
				C80679BF1CB9B7ED009BCB93 /* AppDelegate.swift */,
				C80679D31CB9BF83009BCB93 /* TemperatureViewController.swift */,
				C80679C31CB9B7ED009BCB93 /* Main.storyboard */,
				C80679C61CB9B7ED009BCB93 /* Assets.xcassets */,
				C80679C81CB9B7ED009BCB93 /* LaunchScreen.storyboard */,
				C80679CB1CB9B7ED009BCB93 /* Info.plist */,
			);
			path = BLETemperatureReaderSwift;
			sourceTree = "<group>";
		};
/* End PBXGroup section */

/* Begin PBXNativeTarget section */
		C80679BB1CB9B7ED009BCB93 /* BLETemperatureReaderSwift */ = {
			isa = PBXNativeTarget;
			buildConfigurationList = C80679CE1CB9B7ED009BCB93 /* Build configuration list for PBXNativeTarget "BLETemperatureReaderSwift" */;
			buildPhases = (
				C8005C8A1D39920B0000F8BA /* ShellScript */,
				C80679B81CB9B7ED009BCB93 /* Sources */,
				C80679B91CB9B7ED009BCB93 /* Frameworks */,
				C80679BA1CB9B7ED009BCB93 /* Resources */,
			);
			buildRules = (
			);
			dependencies = (
			);
			name = BLETemperatureReaderSwift;
			productName = iOSRemoteConfBLEDemo;
			productReference = C80679BC1CB9B7ED009BCB93 /* BLETemperatureReaderSwift.app */;
			productType = "com.apple.product-type.application";
		};
/* End PBXNativeTarget section */

/* Begin PBXProject section */
		C80679B41CB9B7ED009BCB93 /* Project object */ = {
			isa = PBXProject;
			attributes = {
				LastSwiftUpdateCheck = 0730;
				LastUpgradeCheck = 0730;
				ORGANIZATIONNAME = "Cloud City";
				TargetAttributes = {
					C80679BB1CB9B7ED009BCB93 = {
						CreatedOnToolsVersion = 7.3;
					};
				};
			};
			buildConfigurationList = C80679B71CB9B7ED009BCB93 /* Build configuration list for PBXProject "BLETemperatureReaderSwift" */;
			compatibilityVersion = "Xcode 3.2";
			developmentRegion = English;
			hasScannedForEncodings = 0;
			knownRegions = (
				en,
				Base,
			);
			mainGroup = C80679B31CB9B7ED009BCB93;
			productRefGroup = C80679BD1CB9B7ED009BCB93 /* Products */;
			projectDirPath = "";
			projectRoot = "";
			targets = (
				C80679BB1CB9B7ED009BCB93 /* BLETemperatureReaderSwift */,
			);
		};
/* End PBXProject section */

/* Begin PBXResourcesBuildPhase section */
		C80679BA1CB9B7ED009BCB93 /* Resources */ = {
			isa = PBXResourcesBuildPhase;
			buildActionMask = 2147483647;
			files = (
				C80679CA1CB9B7ED009BCB93 /* LaunchScreen.storyboard in Resources */,
				C80679C71CB9B7ED009BCB93 /* Assets.xcassets in Resources */,
				C80679C51CB9B7ED009BCB93 /* Main.storyboard in Resources */,
			);
			runOnlyForDeploymentPostprocessing = 0;
		};
/* End PBXResourcesBuildPhase section */

/* Begin PBXShellScriptBuildPhase section */
		C8005C8A1D39920B0000F8BA /* ShellScript */ = {
			isa = PBXShellScriptBuildPhase;
			buildActionMask = 2147483647;
			files = (
			);
			inputPaths = (
			);
			outputPaths = (
			);
			runOnlyForDeploymentPostprocessing = 0;
			shellPath = /bin/sh;
			shellScript = "if [ $CONFIGURATION == Release ]; then\necho \"Bumping build number...\"\nplist=${PROJECT_DIR}/${INFOPLIST_FILE}\n\n# increment the build number (ie 115 to 116)\nbuildnum=$(/usr/libexec/PlistBuddy -c \"Print CFBundleVersion\" \"${plist}\")\nif [[ \"${buildnum}\" == \"\" ]]; then\necho \"No build number in $plist\"\nexit 2\nfi\n\nbuildnum=$(expr $buildnum + 1)\n/usr/libexec/Plistbuddy -c \"Set CFBundleVersion $buildnum\" \"${plist}\"\necho \"Bumped build number to $buildnum\"\n\nelse\necho $CONFIGURATION \" build - Not bumping build number.\"\nfi";
		};
/* End PBXShellScriptBuildPhase section */

/* Begin PBXSourcesBuildPhase section */
		C80679B81CB9B7ED009BCB93 /* Sources */ = {
			isa = PBXSourcesBuildPhase;
			buildActionMask = 2147483647;
			files = (
				C80679D61CB9C03A009BCB93 /* Device.swift in Sources */,
				C80679C01CB9B7ED009BCB93 /* AppDelegate.swift in Sources */,
				C80679D41CB9BF83009BCB93 /* TemperatureViewController.swift in Sources */,
			);
			runOnlyForDeploymentPostprocessing = 0;
		};
/* End PBXSourcesBuildPhase section */

/* Begin PBXVariantGroup section */
		C80679C31CB9B7ED009BCB93 /* Main.storyboard */ = {
			isa = PBXVariantGroup;
			children = (
				C80679C41CB9B7ED009BCB93 /* Base */,
			);
			name = Main.storyboard;
			sourceTree = "<group>";
		};
		C80679C81CB9B7ED009BCB93 /* LaunchScreen.storyboard */ = {
			isa = PBXVariantGroup;
			children = (
				C80679C91CB9B7ED009BCB93 /* Base */,
			);
			name = LaunchScreen.storyboard;
			sourceTree = "<group>";
		};
/* End PBXVariantGroup section */

/* Begin XCBuildConfiguration section */
		C80679CC1CB9B7ED009BCB93 /* Debug */ = {
			isa = XCBuildConfiguration;
			buildSettings = {
				ALWAYS_SEARCH_USER_PATHS = NO;
				CLANG_ANALYZER_NONNULL = YES;
				CLANG_CXX_LANGUAGE_STANDARD = "gnu++0x";
				CLANG_CXX_LIBRARY = "libc++";
				CLANG_ENABLE_MODULES = YES;
				CLANG_ENABLE_OBJC_ARC = YES;
				CLANG_WARN_BOOL_CONVERSION = YES;
				CLANG_WARN_CONSTANT_CONVERSION = YES;
				CLANG_WARN_DIRECT_OBJC_ISA_USAGE = YES_ERROR;
				CLANG_WARN_EMPTY_BODY = YES;
				CLANG_WARN_ENUM_CONVERSION = YES;
				CLANG_WARN_INT_CONVERSION = YES;
				CLANG_WARN_OBJC_ROOT_CLASS = YES_ERROR;
				CLANG_WARN_UNREACHABLE_CODE = YES;
				CLANG_WARN__DUPLICATE_METHOD_MATCH = YES;
				"CODE_SIGN_IDENTITY[sdk=iphoneos*]" = "iPhone Developer";
				COPY_PHASE_STRIP = NO;
				DEBUG_INFORMATION_FORMAT = dwarf;
				ENABLE_STRICT_OBJC_MSGSEND = YES;
				ENABLE_TESTABILITY = YES;
				GCC_C_LANGUAGE_STANDARD = gnu99;
				GCC_DYNAMIC_NO_PIC = NO;
				GCC_NO_COMMON_BLOCKS = YES;
				GCC_OPTIMIZATION_LEVEL = 0;
				GCC_PREPROCESSOR_DEFINITIONS = (
					"DEBUG=1",
					"$(inherited)",
				);
				GCC_WARN_64_TO_32_BIT_CONVERSION = YES;
				GCC_WARN_ABOUT_RETURN_TYPE = YES_ERROR;
				GCC_WARN_UNDECLARED_SELECTOR = YES;
				GCC_WARN_UNINITIALIZED_AUTOS = YES_AGGRESSIVE;
				GCC_WARN_UNUSED_FUNCTION = YES;
				GCC_WARN_UNUSED_VARIABLE = YES;
				IPHONEOS_DEPLOYMENT_TARGET = 9.3;
				MTL_ENABLE_DEBUG_INFO = YES;
				ONLY_ACTIVE_ARCH = YES;
				SDKROOT = iphoneos;
				SWIFT_OPTIMIZATION_LEVEL = "-Onone";
			};
			name = Debug;
		};
		C80679CD1CB9B7ED009BCB93 /* Release */ = {
			isa = XCBuildConfiguration;
			buildSettings = {
				ALWAYS_SEARCH_USER_PATHS = NO;
				CLANG_ANALYZER_NONNULL = YES;
				CLANG_CXX_LANGUAGE_STANDARD = "gnu++0x";
				CLANG_CXX_LIBRARY = "libc++";
				CLANG_ENABLE_MODULES = YES;
				CLANG_ENABLE_OBJC_ARC = YES;
				CLANG_WARN_BOOL_CONVERSION = YES;
				CLANG_WARN_CONSTANT_CONVERSION = YES;
				CLANG_WARN_DIRECT_OBJC_ISA_USAGE = YES_ERROR;
				CLANG_WARN_EMPTY_BODY = YES;
				CLANG_WARN_ENUM_CONVERSION = YES;
				CLANG_WARN_INT_CONVERSION = YES;
				CLANG_WARN_OBJC_ROOT_CLASS = YES_ERROR;
				CLANG_WARN_UNREACHABLE_CODE = YES;
				CLANG_WARN__DUPLICATE_METHOD_MATCH = YES;
				"CODE_SIGN_IDENTITY[sdk=iphoneos*]" = "iPhone Developer";
				COPY_PHASE_STRIP = NO;
				DEBUG_INFORMATION_FORMAT = "dwarf-with-dsym";
				ENABLE_NS_ASSERTIONS = NO;
				ENABLE_STRICT_OBJC_MSGSEND = YES;
				GCC_C_LANGUAGE_STANDARD = gnu99;
				GCC_NO_COMMON_BLOCKS = YES;
				GCC_WARN_64_TO_32_BIT_CONVERSION = YES;
				GCC_WARN_ABOUT_RETURN_TYPE = YES_ERROR;
				GCC_WARN_UNDECLARED_SELECTOR = YES;
				GCC_WARN_UNINITIALIZED_AUTOS = YES_AGGRESSIVE;
				GCC_WARN_UNUSED_FUNCTION = YES;
				GCC_WARN_UNUSED_VARIABLE = YES;
				IPHONEOS_DEPLOYMENT_TARGET = 9.3;
				MTL_ENABLE_DEBUG_INFO = NO;
				SDKROOT = iphoneos;
				VALIDATE_PRODUCT = YES;
			};
			name = Release;
		};
		C80679CF1CB9B7ED009BCB93 /* Debug */ = {
			isa = XCBuildConfiguration;
			buildSettings = {
				ASSETCATALOG_COMPILER_APPICON_NAME = AppIcon;
				INFOPLIST_FILE = BLETemperatureReaderSwift/Info.plist;
				LD_RUNPATH_SEARCH_PATHS = "$(inherited) @executable_path/Frameworks";
				PRODUCT_BUNDLE_IDENTIFIER = io.cloudcity.BLETemperatureReaderSwift;
				PRODUCT_NAME = BLETemperatureReaderSwift;
			};
			name = Debug;
		};
		C80679D01CB9B7ED009BCB93 /* Release */ = {
			isa = XCBuildConfiguration;
			buildSettings = {
				ASSETCATALOG_COMPILER_APPICON_NAME = AppIcon;
				INFOPLIST_FILE = BLETemperatureReaderSwift/Info.plist;
				LD_RUNPATH_SEARCH_PATHS = "$(inherited) @executable_path/Frameworks";
				PRODUCT_BUNDLE_IDENTIFIER = io.cloudcity.BLETemperatureReaderSwift;
				PRODUCT_NAME = BLETemperatureReaderSwift;
			};
			name = Release;
		};
/* End XCBuildConfiguration section */

/* Begin XCConfigurationList section */
		C80679B71CB9B7ED009BCB93 /* Build configuration list for PBXProject "BLETemperatureReaderSwift" */ = {
			isa = XCConfigurationList;
			buildConfigurations = (
				C80679CC1CB9B7ED009BCB93 /* Debug */,
				C80679CD1CB9B7ED009BCB93 /* Release */,
			);
			defaultConfigurationIsVisible = 0;
			defaultConfigurationName = Release;
		};
		C80679CE1CB9B7ED009BCB93 /* Build configuration list for PBXNativeTarget "BLETemperatureReaderSwift" */ = {
			isa = XCConfigurationList;
			buildConfigurations = (
				C80679CF1CB9B7ED009BCB93 /* Debug */,
				C80679D01CB9B7ED009BCB93 /* Release */,
			);
			defaultConfigurationIsVisible = 0;
			defaultConfigurationName = Release;
		};
/* End XCConfigurationList section */
	};
	rootObject = C80679B41CB9B7ED009BCB93 /* Project object */;
}
